
Microsoft Visual Studio Solution File, Format Version 12.00
# Visual Studio 15
VisualStudioVersion = 15.0.28307.902
MinimumVisualStudioVersion = 10.0.40219.1
Project("{FAE04EC0-301F-11D3-BF4B-00C04F79EFBC}") = "MvcNpoiSample", "MvcNpoiSample\MvcNpoiSample.csproj", "{D21B7F33-A59F-48A0-A5FD-30B30F8E357A}"
EndProject
Global
	GlobalSection(SolutionConfigurationPlatforms) = preSolution
		Debug|Any CPU = Debug|Any CPU
		Release|Any CPU = Release|Any CPU
	EndGlobalSection
	GlobalSection(ProjectConfigurationPlatforms) = postSolution
		{D21B7F33-A59F-48A0-A5FD-30B30F8E357A}.Debug|Any CPU.ActiveCfg = Debug|Any CPU
		{D21B7F33-A59F-48A0-A5FD-30B30F8E357A}.Debug|Any CPU.Build.0 = Debug|Any CPU
		{D21B7F33-A59F-48A0-A5FD-30B30F8E357A}.Release|Any CPU.ActiveCfg = Release|Any CPU
		{D21B7F33-A59F-48A0-A5FD-30B30F8E357A}.Release|Any CPU.Build.0 = Release|Any CPU
	EndGlobalSection
	GlobalSection(SolutionProperties) = preSolution
		HideSolutionNode = FALSE
	EndGlobalSection
	GlobalSection(ExtensibilityGlobals) = postSolution
		SolutionGuid = {B4CD8152-FE13-460C-BF82-5B51ABB13EE3}
	EndGlobalSection
EndGlobal
